
Microsoft Visual Studio Solution File, Format Version 12.00
# Visual Studio 2015
Project("{FAE04EC0-301F-11D3-BF4B-00C04F79EFBC}") = "Arduino-Gamepad.CSharp.Plugins", "Arduino-Gamepad.CSharp.Plugins.csproj", "{37C9CD99-01F4-D0F3-1211-ABABE845BC1C}"
EndProject
Project("{FAE04EC0-301F-11D3-BF4B-00C04F79EFBC}") = "Arduino-Gamepad.CSharp", "Arduino-Gamepad.CSharp.csproj", "{61950F5B-5E6A-65EE-1DC3-980959D40DB2}"
EndProject
Project("{FAE04EC0-301F-11D3-BF4B-00C04F79EFBC}") = "Arduino-Gamepad.CSharp.Editor", "Arduino-Gamepad.CSharp.Editor.csproj", "{4391E736-0F4B-13AE-39FE-6CEFFE986C5F}"
EndProject
Global
	GlobalSection(SolutionConfigurationPlatforms) = preSolution
		Debug|Any CPU = Debug|Any CPU
		Release|Any CPU = Release|Any CPU
	EndGlobalSection
	GlobalSection(ProjectConfigurationPlatforms) = postSolution
		{37C9CD99-01F4-D0F3-1211-ABABE845BC1C}.Debug|Any CPU.ActiveCfg = Debug|Any CPU
		{37C9CD99-01F4-D0F3-1211-ABABE845BC1C}.Debug|Any CPU.Build.0 = Debug|Any CPU
		{37C9CD99-01F4-D0F3-1211-ABABE845BC1C}.Release|Any CPU.ActiveCfg = Release|Any CPU
		{37C9CD99-01F4-D0F3-1211-ABABE845BC1C}.Release|Any CPU.Build.0 = Release|Any CPU
		{61950F5B-5E6A-65EE-1DC3-980959D40DB2}.Debug|Any CPU.ActiveCfg = Debug|Any CPU
		{61950F5B-5E6A-65EE-1DC3-980959D40DB2}.Debug|Any CPU.Build.0 = Debug|Any CPU
		{61950F5B-5E6A-65EE-1DC3-980959D40DB2}.Release|Any CPU.ActiveCfg = Release|Any CPU
		{61950F5B-5E6A-65EE-1DC3-980959D40DB2}.Release|Any CPU.Build.0 = Release|Any CPU
		{4391E736-0F4B-13AE-39FE-6CEFFE986C5F}.Debug|Any CPU.ActiveCfg = Debug|Any CPU
		{4391E736-0F4B-13AE-39FE-6CEFFE986C5F}.Debug|Any CPU.Build.0 = Debug|Any CPU
		{4391E736-0F4B-13AE-39FE-6CEFFE986C5F}.Release|Any CPU.ActiveCfg = Release|Any CPU
		{4391E736-0F4B-13AE-39FE-6CEFFE986C5F}.Release|Any CPU.Build.0 = Release|Any CPU
	EndGlobalSection
	GlobalSection(SolutionProperties) = preSolution
		HideSolutionNode = FALSE
	EndGlobalSection
EndGlobal
